{
  "name": "app1-use",
  "version": "1.0.0",
  "lockfileVersion": 3,
  "requires": true,
  "packages": {
    "": {
      "name": "app1-use",
      "version": "1.0.0",
      "license": "ISC",
      "dependencies": {
        "app1-test": "^1.0.0"
      }
    },
    "node_modules/app1-test": {
      "version": "1.0.0",
      "resolved": "https://registry.npmjs.org/app1-test/-/app1-test-1.0.0.tgz",
      "integrity": "sha512-X2y7V56lJx9gQWKEGtR4PPPdA4rcPCAsvk4Sq7Wm9TNQ3ok1jpSPJrBmUCn3N0+VyvlVQ0qvUebUDt3BRvDPFw=="
    }
  }
}
